<?xml version="1.0" encoding="utf-8"?>
<Project ToolsVersion="4.0" xmlns="http://schemas.microsoft.com/developer/msbuild/2003">
  <ItemGroup>
    <Filter Include="Source Files">
      <UniqueIdentifier>{4FC737F1-C7A5-4376-A066-2A32D752A2FF}</UniqueIdentifier>
      <Extensions>cpp;c;cc;cxx;def;odl;idl;hpj;bat;asm;asmx</Extensions>
    </Filter>
    <Filter Include="Header Files">
      <UniqueIdentifier>{93995380-89BD-4b04-88EB-625FBE52EBFB}</UniqueIdentifier>
      <Extensions>h;hpp;hxx;hm;inl;inc;xsd</Extensions>
    </Filter>
    <Filter Include="Resource Files">
      <UniqueIdentifier>{67DA6AB6-F800-4c08-8B7A-83BB121AAD01}</UniqueIdentifier>
      <Extensions>rc;ico;cur;bmp;dlg;rc2;rct;bin;rgs;gif;jpg;jpeg;jpe;resx;tiff;tif;png;wav</Extensions>
    </Filter>
  </ItemGroup>
  <ItemGroup>
    <ClCompile Include="cache.cpp">
      <Filter>Source Files</Filter>
    </ClCompile>
    <ClCompile Include="delayhlp.cpp">
      <Filter>Source Files</Filter>
    </ClCompile>
    <ClCompile Include="dll.cpp">
      <Filter>Source Files</Filter>
    </ClCompile>
    <ClCompile Include="expfunc.cpp">
      <Filter>Source Files</Filter>
    </ClCompile>
    <ClCompile Include="ft.cpp">
      <Filter>Source Files</Filter>
    </ClCompile>
    <ClCompile Include="ft2vert.c">
      <Filter>Source Files</Filter>
    </ClCompile>
    <ClCompile Include="fteng.cpp">
      <Filter>Source Files</Filter>
    </ClCompile>
    <ClCompile Include="ftref.c">
      <Filter>Source Files</Filter>
    </ClCompile>
    <ClCompile Include="gdiPlusFlat2.cpp">
      <Filter>Source Files</Filter>
    </ClCompile>
    <ClCompile Include="hash_list.cpp">
      <Filter>Source Files</Filter>
    </ClCompile>
    <ClCompile Include="hook.cpp">
      <Filter>Source Files</Filter>
    </ClCompile>
    <ClCompile Include="misc.cpp">
      <Filter>Source Files</Filter>
    </ClCompile>
    <ClCompile Include="override.cpp">
      <Filter>Source Files</Filter>
    </ClCompile>
    <ClCompile Include="ownedcs.cpp">
      <Filter>Source Files</Filter>
    </ClCompile>
    <ClCompile Include="settings.cpp">
      <Filter>Source Files</Filter>
    </ClCompile>
    <ClCompile Include="directwrite.cpp">
      <Filter>Source Files</Filter>
    </ClCompile>
  </ItemGroup>
  <ItemGroup>
    <None Include="expfunc.def">
      <Filter>Source Files</Filter>
    </None>
  </ItemGroup>
  <ItemGroup>
    <ClInclude Include="array.h">
      <Filter>Header Files</Filter>
    </ClInclude>
    <ClInclude Include="cache.h">
      <Filter>Header Files</Filter>
    </ClInclude>
    <ClInclude Include="common.h">
      <Filter>Header Files</Filter>
    </ClInclude>
    <ClInclude Include="delayimp.h">
      <Filter>Header Files</Filter>
    </ClInclude>
    <ClInclude Include="dll.h">
      <Filter>Header Files</Filter>
    </ClInclude>
    <ClInclude Include="ft.h">
      <Filter>Header Files</Filter>
    </ClInclude>
    <ClInclude Include="ft2build.h">
      <Filter>Header Files</Filter>
    </ClInclude>
    <ClInclude Include="ft2vert.h">
      <Filter>Header Files</Filter>
    </ClInclude>
    <ClInclude Include="fteng.h">
      <Filter>Header Files</Filter>
    </ClInclude>
    <ClInclude Include="ftref.h">
      <Filter>Header Files</Filter>
    </ClInclude>
    <ClInclude Include="gdiPlusFlat2.h">
      <Filter>Header Files</Filter>
    </ClInclude>
    <ClInclude Include="hash_list.h">
      <Filter>Header Files</Filter>
    </ClInclude>
    <ClInclude Include="hooklist.h">
      <Filter>Header Files</Filter>
    </ClInclude>
    <ClInclude Include="ivs_otft.h">
      <Filter>Header Files</Filter>
    </ClInclude>
    <ClInclude Include="override.h">
      <Filter>Header Files</Filter>
    </ClInclude>
    <ClInclude Include="ownedcs.h">
      <Filter>Header Files</Filter>
    </ClInclude>
    <ClInclude Include="resource.h">
      <Filter>Header Files</Filter>
    </ClInclude>
    <ClInclude Include="settings.h">
      <Filter>Header Files</Filter>
    </ClInclude>
    <ClInclude Include="stdint.h">
      <Filter>Header Files</Filter>
    </ClInclude>
    <ClInclude Include="strtoken.h">
      <Filter>Header Files</Filter>
    </ClInclude>
    <ClInclude Include="supinfo.h">
      <Filter>Header Files</Filter>
    </ClInclude>
    <ClInclude Include="tlsdata.h">
      <Filter>Header Files</Filter>
    </ClInclude>
    <ClInclude Include="undocAPI.h">
      <Filter>Header Files</Filter>
    </ClInclude>
    <ClInclude Include="directwrite.h">
      <Filter>Header Files</Filter>
    </ClInclude>
  </ItemGroup>
  <ItemGroup>
    <ResourceCompile Include="gdidll.rc">
      <Filter>Resource Files</Filter>
    </ResourceCompile>
  </ItemGroup>
</Project>